version = 1
revision = 3
requires-python = ">=3.11, <3.14"

[[package]]
name = "access-log-analyzer"
version = "0.1.0"
source = { editable = "." }
dependencies = [
    { name = "colorama" },
    { name = "pdf2image" },
    { name = "pillow" },
    { name = "pymupdf" },
    { name = "reportlab" },
    { name = "tabulate" },
]

[package.dev-dependencies]
dev = [
    { name = "ruff" },
    { name = "ty" },
]

[package.metadata]
requires-dist = [
    { name = "colorama", specifier = "==0.4.6" },
    { name = "pdf2image", specifier = ">=1.16.0" },
    { name = "pillow", specifier = ">=10.0.0" },
    { name = "pymupdf", specifier = "==1.23.8" },
    { name = "reportlab", specifier = "==4.2.5" },
    { name = "tabulate", specifier = "==0.9.0" },
]

[package.metadata.requires-dev]
dev = [
    { name = "ruff", specifier = ">=0.15.10" },
    { name = "ty", specifier = ">=0.0.29" },
]

[[package]]
name = "chardet"
version = "7.4.3"
source = { registry = "https://packages.atlassian.com/pypi/pypi/simple" }
sdist = { url = "https://packages.atlassian.com/pypi/pypi/packages/packages/19/b6/9df434a8eeba2e6628c465a1dfa31034228ef79b26f76f46278f4ef7e49d/chardet-7.4.3.tar.gz", hash = "sha256:cc1d4eb92a4ec1c2df3b490836ffa46922e599d34ce0bb75cf41fd2bf6303d56" }
wheels = [
    { url = "https://packages.atlassian.com/pypi/pypi/packages/packages/19/52/505c207f334d51e937cbaa27ff95776e16e2d120e13cbe491cd7b3a70b50/chardet-7.4.3-cp311-cp311-macosx_10_9_x86_64.whl", hash = "sha256:25a862cddc6a9ac07023e808aedd297115345fbaabc2690479481ddc0f980e09" },
    { url = "https://packages.atlassian.com/pypi/pypi/packages/packages/14/4b/d3c79495dee4831b8bebca2790e72cb90f0c5849c940570a7c7e5b70b952/chardet-7.4.3-cp311-cp311-macosx_11_0_arm64.whl", hash = "sha256:7005c88da26fd95d8abb8acbe6281d833e9a9181b03cf49b4546c4555389bd97" },
    { url = "https://packages.atlassian.com/pypi/pypi/packages/packages/b9/99/f6a822ad1bde25a4c38dc3e770485e78e0893dfd871cd6e18ed3ea3a795e/chardet-7.4.3-cp311-cp311-manylinux2014_aarch64.manylinux_2_17_aarch64.manylinux_2_28_aarch64.whl", hash = "sha256:dc50f28bad067393cce0af9091052c3b8df7a23115afd8ba7b2e0947f0cef1f8" },
    { url = "https://packages.atlassian.com/pypi/pypi/packages/packages/b1/10/31932775c94a86814f76b41c4a772b52abfb0e6125324f32c6da1196c297/chardet-7.4.3-cp311-cp311-manylinux2014_x86_64.manylinux_2_17_x86_64.manylinux_2_28_x86_64.whl", hash = "sha256:4c3da294de1a681097848ab58bd3f2771a674f8039d2d87a5538b28856b815e9" },
    { url = "https://packages.atlassian.com/pypi/pypi/packages/packages/6c/63/0f43e3acf2c436fdb32a0f904aeb03a2904d2126eed34a042a194d235926/chardet-7.4.3-cp311-cp311-manylinux_2_31_riscv64.manylinux_2_39_riscv64.whl", hash = "sha256:93c45e116dd51b66226a53ade3f9f635e870de5399b90e00ce45dcc311093bf4" },
    { url = "https://packages.atlassian.com/pypi/pypi/packages/packages/5d/a6/e9b8f8a3e99602792b01fa7d0a731737615ab56d8bfd0b52935a0ef88b85/chardet-7.4.3-cp311-cp311-win_amd64.whl", hash = "sha256:ccc1f83ab4bcfb901cf39e0c4ba6bc6e726fc6264735f10e24ceb5cb47387578" },
    { url = "https://packages.atlassian.com/pypi/pypi/packages/packages/61/33/29de185079e6675c3f375546e30a559b7ddc75ce972f18d6e566cd9ea4eb/chardet-7.4.3-cp312-cp312-macosx_10_13_x86_64.whl", hash = "sha256:75d3c65cc16bddf40b8da1fd25ba84fca5f8070f2b14e86083653c1c85aee971" },
    { url = "https://packages.atlassian.com/pypi/pypi/packages/packages/9c/2f/4c5af01fd1a7506a1d5375403d68925eac70289229492db5aa68b58103d8/chardet-7.4.3-cp312-cp312-macosx_11_0_arm64.whl", hash = "sha256:29af5999f654e8729d251f1724a62b538b1262d9292cccaefddf8a02aae1ef6a" },
    { url = "https://packages.atlassian.com/pypi/pypi/packages/packages/36/21/edb36ad5dfa48d7f8eed97ab43931ecdaa8c15166c21b1d614967e49d681/chardet-7.4.3-cp312-cp312-manylinux2014_aarch64.manylinux_2_17_aarch64.manylinux_2_28_aarch64.whl", hash = "sha256:626f00299ad62dfe937058a09572beed442ccc7b58f87aa667949b20fd3db235" },
    { url = "https://packages.atlassian.com/pypi/pypi/packages/packages/e5/59/a32a241d861cf180853a11c8e5a67641cb1b2af13c3a5ccce83ec07e2c9f/chardet-7.4.3-cp312-cp312-manylinux2014_x86_64.manylinux_2_17_x86_64.manylinux_2_28_x86_64.whl", hash = "sha256:9a4904dd5f071b7a7d7f50b4a67a86db3c902d243bf31708f1d5cde2f68239cb" },
    { url = "https://packages.atlassian.com/pypi/pypi/packages/packages/87/2e/e1ee6a77abf3782c00e05b89c4d4328c8353bf9500661c4348df1dd68614/chardet-7.4.3-cp312-cp312-manylinux_2_31_riscv64.manylinux_2_39_riscv64.whl", hash = "sha256:5d2879598bc220689e8ce509fe9c3f37ad2fca53a36be9c9bd91abdd91dd364f" },
    { url = "https://packages.atlassian.com/pypi/pypi/packages/packages/32/60/fca69c534602a7ced04280c952a246ad1edde2a6ca3a164f65d32ac41fe7/chardet-7.4.3-cp312-cp312-win_amd64.whl", hash = "sha256:4b2799bd58e7245cfa8d4ab2e8ad1d76a5c3a5b1f32318eb6acca4c69a3e7101" },
    { url = "https://packages.atlassian.com/pypi/pypi/packages/packages/7c/43/79ac9b4db5bc87020c9dbc419125371d80882d1d197e9c4765ba8682b605/chardet-7.4.3-cp313-cp313-macosx_10_13_x86_64.whl", hash = "sha256:a9e4486df251b8962e86ea9f139ca235aa6e0542a00f7844c9a04160afb99aa9" },
    { url = "https://packages.atlassian.com/pypi/pypi/packages/packages/55/5f/25bdec773905bff0ff6cf35ca73b17bd05593b4f87bd8c5fa43705f7167d/chardet-7.4.3-cp313-cp313-macosx_11_0_arm64.whl", hash = "sha256:4fbff1907925b0c5a1064cffb5e040cd5e338585c9c552625f30de6bc2f3107a" },
    { url = "https://packages.atlassian.com/pypi/pypi/packages/packages/b4/07/a29380ee0b215d23d77733b5ad60c5c0c7969650e080c667acdf9462040d/chardet-7.4.3-cp313-cp313-manylinux2014_aarch64.manylinux_2_17_aarch64.manylinux_2_28_aarch64.whl", hash = "sha256:365135eaf37ba65a828f8e668eb0a8c38c479dcbec724dc25f4dfd781049c357" },
    { url = "https://packages.atlassian.com/pypi/pypi/packages/packages/a8/b1/3338e121cbd4c8a126b8ccb1061170c2ce51a53f678c502793ea49c6fd6d/chardet-7.4.3-cp313-cp313-manylinux2014_x86_64.manylinux_2_17_x86_64.manylinux_2_28_x86_64.whl", hash = "sha256:bfc134b70c846c21ead8e43ada3ae1a805fff732f6922f8abcf2ff27b8f6493d" },
    { url = "https://packages.atlassian.com/pypi/pypi/packages/packages/63/1c/44a9a9e0c59c185a5d307ceaeee8768afa1558f0a24f7a4b5fa11b67586b/chardet-7.4.3-cp313-cp313-manylinux_2_31_riscv64.manylinux_2_39_riscv64.whl", hash = "sha256:9acd9988a93e09390f3cd231201ea7166c415eb8da1b735928990ffc05cb9fbb" },
    { url = "https://packages.atlassian.com/pypi/pypi/packages/packages/1b/b3/5d0e77ea774bd3224321c248880ea0c0379000ac5c2bb6d77609549de247/chardet-7.4.3-cp313-cp313-win_amd64.whl", hash = "sha256:e1b98790c284ff813f18f7cf7de5f05ea2435a080030c7f1a8318f3a4f80b131" },
    { url = "https://packages.atlassian.com/pypi/pypi/packages/packages/8c/6c/0a40afdb50a0fe041ab95553b835a8160b6cf0e81edf2ae2fe9f5224cbf9/chardet-7.4.3-py3-none-any.whl", hash = "sha256:1173b74051570cf08099d7429d92e4882d375ad4217f92a6e5240ccfb26f231e" },
]

[[package]]
name = "colorama"
version = "0.4.6"
source = { registry = "https://packages.atlassian.com/pypi/pypi/simple" }
sdist = { url = "https://packages.atlassian.com/pypi/pypi/packages/packages/d8/53/6f443c9a4a8358a93a6792e2acffb9d9d5cb0a5cfd8802644b7b1c9a02e4/colorama-0.4.6.tar.gz", hash = "sha256:08695f5cb7ed6e0531a20572697297273c47b8cae5a63ffc6d6ed5c201be6e44" }
wheels = [
    { url = "https://packages.atlassian.com/pypi/pypi/packages/packages/d1/d6/3965ed04c63042e047cb6a3e6ed1a63a35087b6a609aa3a15ed8ac56c221/colorama-0.4.6-py2.py3-none-any.whl", hash = "sha256:4f1d9991f5acc0ca119f9d443620b77f9d6b33703e51011c16baf57afb285fc6" },
]

[[package]]
name = "pdf2image"
version = "1.17.0"
source = { registry = "https://packages.atlassian.com/pypi/pypi/simple" }
dependencies = [
    { name = "pillow" },
]
sdist = { url = "https://packages.atlassian.com/pypi/pypi/packages/packages/00/d8/b280f01045555dc257b8153c00dee3bc75830f91a744cd5f84ef3a0a64b1/pdf2image-1.17.0.tar.gz", hash = "sha256:eaa959bc116b420dd7ec415fcae49b98100dda3dd18cd2fdfa86d09f112f6d57" }
wheels = [
    { url = "https://packages.atlassian.com/pypi/pypi/packages/packages/62/33/61766ae033518957f877ab246f87ca30a85b778ebaad65b7f74fa7e52988/pdf2image-1.17.0-py3-none-any.whl", hash = "sha256:ecdd58d7afb810dffe21ef2b1bbc057ef434dabbac6c33778a38a3f7744a27e2" },
]

[[package]]
name = "pillow"
version = "12.2.0"
source = { registry = "https://packages.atlassian.com/pypi/pypi/simple" }
sdist = { url = "https://packages.atlassian.com/pypi/pypi/packages/packages/8c/21/c2bcdd5906101a30244eaffc1b6e6ce71a31bd0742a01eb89e660ebfac2d/pillow-12.2.0.tar.gz", hash = "sha256:a830b1a40919539d07806aa58e1b114df53ddd43213d9c8b75847eee6c0182b5" }
wheels = [
    { url = "https://packages.atlassian.com/pypi/pypi/packages/packages/68/e1/748f5663efe6edcfc4e74b2b93edfb9b8b99b67f21a854c3ae416500a2d9/pillow-12.2.0-cp311-cp311-macosx_10_10_x86_64.whl", hash = "sha256:8be29e59487a79f173507c30ddf57e733a357f67881430449bb32614075a40ab" },
    { url = "https://packages.atlassian.com/pypi/pypi/packages/packages/47/a1/d5ff69e747374c33a3b53b9f98cca7889fce1fd03d79cdc4e1bccc6c5a87/pillow-12.2.0-cp311-cp311-macosx_11_0_arm64.whl", hash = "sha256:71cde9a1e1551df7d34a25462fc60325e8a11a82cc2e2f54578e5e9a1e153d65" },
    { url = "https://packages.atlassian.com/pypi/pypi/packages/packages/df/21/e3fbdf54408a973c7f7f89a23b2cb97a7ef30c61ab4142af31eee6aebc88/pillow-12.2.0-cp311-cp311-manylinux2014_aarch64.manylinux_2_17_aarch64.whl", hash = "sha256:f490f9368b6fc026f021db16d7ec2fbf7d89e2edb42e8ec09d2c60505f5729c7" },
    { url = "https://packages.atlassian.com/pypi/pypi/packages/packages/d3/f1/00b7278c7dd52b17ad4329153748f87b6756ec195ff786c2bdf12518337d/pillow-12.2.0-cp311-cp311-manylinux2014_x86_64.manylinux_2_17_x86_64.whl", hash = "sha256:8bd7903a5f2a4545f6fd5935c90058b89d30045568985a71c79f5fd6edf9b91e" },
    { url = "https://packages.atlassian.com/pypi/pypi/packages/packages/ad/cf/220a5994ef1b10e70e85748b75649d77d506499352be135a4989c957b701/pillow-12.2.0-cp311-cp311-manylinux_2_27_aarch64.manylinux_2_28_aarch64.whl", hash = "sha256:3997232e10d2920a68d25191392e3a4487d8183039e1c74c2297f00ed1c50705" },
    { url = "https://packages.atlassian.com/pypi/pypi/packages/packages/e9/bd/e51a61b1054f09437acfbc2ff9106c30d1eb76bc1453d428399946781253/pillow-12.2.0-cp311-cp311-manylinux_2_27_x86_64.manylinux_2_28_x86_64.whl", hash = "sha256:e74473c875d78b8e9d5da2a70f7099549f9eb37ded4e2f6a463e60125bccd176" },
    { url = "https://packages.atlassian.com/pypi/pypi/packages/packages/6b/3d/45132c57d5fb4b5744567c3817026480ac7fc3ce5d4c47902bc0e7f6f853/pillow-12.2.0-cp311-cp311-musllinux_1_2_aarch64.whl", hash = "sha256:56a3f9c60a13133a98ecff6197af34d7824de9b7b38c3654861a725c970c197b" },
    { url = "https://packages.atlassian.com/pypi/pypi/packages/packages/7d/2e/9df2fc1e82097b1df3dce58dc43286aa01068e918c07574711fcc53e6fb4/pillow-12.2.0-cp311-cp311-musllinux_1_2_x86_64.whl", hash = "sha256:90e6f81de50ad6b534cab6e5aef77ff6e37722b2f5d908686f4a5c9eba17a909" },
    { url = "https://packages.atlassian.com/pypi/pypi/packages/packages/bd/2e/2941e42858ebb67e50ae741473de81c2984e6eff7b397017623c676e2e8d/pillow-12.2.0-cp311-cp311-win32.whl", hash = "sha256:8c984051042858021a54926eb597d6ee3012393ce9c181814115df4c60b9a808" },
    { url = "https://packages.atlassian.com/pypi/pypi/packages/packages/69/42/836b6f3cd7f3e5fa10a1f1a5420447c17966044c8fbf589cc0452d5502db/pillow-12.2.0-cp311-cp311-win_amd64.whl", hash = "sha256:6e6b2a0c538fc200b38ff9eb6628228b77908c319a005815f2dde585a0664b60" },
    { url = "https://packages.atlassian.com/pypi/pypi/packages/packages/c2/88/549194b5d6f1f494b485e493edc6693c0a16f4ada488e5bd974ed1f42fad/pillow-12.2.0-cp311-cp311-win_arm64.whl", hash = "sha256:9a8a34cc89c67a65ea7437ce257cea81a9dad65b29805f3ecee8c8fe8ff25ffe" },
    { url = "https://packages.atlassian.com/pypi/pypi/packages/packages/58/be/7482c8a5ebebbc6470b3eb791812fff7d5e0216c2be3827b30b8bb6603ed/pillow-12.2.0-cp312-cp312-macosx_10_13_x86_64.whl", hash = "sha256:2d192a155bbcec180f8564f693e6fd9bccff5a7af9b32e2e4bf8c9c69dbad6b5" },
    { url = "https://packages.atlassian.com/pypi/pypi/packages/packages/d8/95/0a351b9289c2b5cbde0bacd4a83ebc44023e835490a727b2a3bd60ddc0f4/pillow-12.2.0-cp312-cp312-macosx_11_0_arm64.whl", hash = "sha256:f3f40b3c5a968281fd507d519e444c35f0ff171237f4fdde090dd60699458421" },
    { url = "https://packages.atlassian.com/pypi/pypi/packages/packages/de/af/4e8e6869cbed569d43c416fad3dc4ecb944cb5d9492defaed89ddd6fe871/pillow-12.2.0-cp312-cp312-manylinux2014_aarch64.manylinux_2_17_aarch64.whl", hash = "sha256:03e7e372d5240cc23e9f07deca4d775c0817bffc641b01e9c3af208dbd300987" },
    { url = "https://packages.atlassian.com/pypi/pypi/packages/packages/e9/9e/c05e19657fd57841e476be1ab46c4d501bffbadbafdc31a6d665f8b737b6/pillow-12.2.0-cp312-cp312-manylinux2014_x86_64.manylinux_2_17_x86_64.whl", hash = "sha256:b86024e52a1b269467a802258c25521e6d742349d760728092e1bc2d135b4d76" },
    { url = "https://packages.atlassian.com/pypi/pypi/packages/packages/2b/54/1789c455ed10176066b6e7e6da1b01e50e36f94ba584dc68d9eebfe9156d/pillow-12.2.0-cp312-cp312-manylinux_2_27_aarch64.manylinux_2_28_aarch64.whl", hash = "sha256:7371b48c4fa448d20d2714c9a1f775a81155050d383333e0a6c15b1123dda005" },
    { url = "https://packages.atlassian.com/pypi/pypi/packages/packages/43/e3/fdc657359e919462369869f1c9f0e973f353f9a9ee295a39b1fea8ee1a77/pillow-12.2.0-cp312-cp312-manylinux_2_27_x86_64.manylinux_2_28_x86_64.whl", hash = "sha256:62f5409336adb0663b7caa0da5c7d9e7bdbaae9ce761d34669420c2a801b2780" },
    { url = "https://packages.atlassian.com/pypi/pypi/packages/packages/8b/f8/2f6825e441d5b1959d2ca5adec984210f1ec086435b0ed5f52c19b3b8a6e/pillow-12.2.0-cp312-cp312-musllinux_1_2_aarch64.whl", hash = "sha256:01afa7cf67f74f09523699b4e88c73fb55c13346d212a59a2db1f86b0a63e8c5" },
    { url = "https://packages.atlassian.com/pypi/pypi/packages/packages/67/f9/029a27095ad20f854f9dba026b3ea6428548316e057e6fc3545409e86651/pillow-12.2.0-cp312-cp312-musllinux_1_2_x86_64.whl", hash = "sha256:fc3d34d4a8fbec3e88a79b92e5465e0f9b842b628675850d860b8bd300b159f5" },
    { url = "https://packages.atlassian.com/pypi/pypi/packages/packages/be/42/025cfe05d1be22dbfdb4f264fe9de1ccda83f66e4fc3aac94748e784af04/pillow-12.2.0-cp312-cp312-win32.whl", hash = "sha256:58f62cc0f00fd29e64b29f4fd923ffdb3859c9f9e6105bfc37ba1d08994e8940" },
    { url = "https://packages.atlassian.com/pypi/pypi/packages/packages/5d/7b/25a221d2c761c6a8ae21bfa3874988ff2583e19cf8a27bf2fee358df7942/pillow-12.2.0-cp312-cp312-win_amd64.whl", hash = "sha256:7f84204dee22a783350679a0333981df803dac21a0190d706a50475e361c93f5" },
    { url = "https://packages.atlassian.com/pypi/pypi/packages/packages/10/e1/542a474affab20fd4a0f1836cb234e8493519da6b76899e30bcc5d990b8b/pillow-12.2.0-cp312-cp312-win_arm64.whl", hash = "sha256:af73337013e0b3b46f175e79492d96845b16126ddf79c438d7ea7ff27783a414" },
    { url = "https://packages.atlassian.com/pypi/pypi/packages/packages/4a/01/53d10cf0dbad820a8db274d259a37ba50b88b24768ddccec07355382d5ad/pillow-12.2.0-cp313-cp313-ios_13_0_arm64_iphoneos.whl", hash = "sha256:8297651f5b5679c19968abefd6bb84d95fe30ef712eb1b2d9b2d31ca61267f4c" },
    { url = "https://packages.atlassian.com/pypi/pypi/packages/packages/0f/98/f3a6657ecb698c937f6c76ee564882945f29b79bad496abcba0e84659ec5/pillow-12.2.0-cp313-cp313-ios_13_0_arm64_iphonesimulator.whl", hash = "sha256:50d8520da2a6ce0af445fa6d648c4273c3eeefbc32d7ce049f22e8b5c3daecc2" },
    { url = "https://packages.atlassian.com/pypi/pypi/packages/packages/69/bc/8986948f05e3ea490b8442ea1c1d4d990b24a7e43d8a51b2c7d8b1dced36/pillow-12.2.0-cp313-cp313-ios_13_0_x86_64_iphonesimulator.whl", hash = "sha256:766cef22385fa1091258ad7e6216792b156dc16d8d3fa607e7545b2b72061f1c" },
    { url = "https://packages.atlassian.com/pypi/pypi/packages/packages/34/46/6c717baadcd62bc8ed51d238d521ab651eaa74838291bda1f86fe1f864c9/pillow-12.2.0-cp313-cp313-macosx_10_13_x86_64.whl", hash = "sha256:5d2fd0fa6b5d9d1de415060363433f28da8b1526c1c129020435e186794b3795" },
    { url = "https://packages.atlassian.com/pypi/pypi/packages/packages/71/43/905a14a8b17fdb1ccb58d282454490662d2cb89a6bfec26af6d3520da5ec/pillow-12.2.0-cp313-cp313-macosx_11_0_arm64.whl", hash = "sha256:56b25336f502b6ed02e889f4ece894a72612fe885889a6e8c4c80239ff6e5f5f" },
    { url = "https://packages.atlassian.com/pypi/pypi/packages/packages/73/dd/42107efcb777b16fa0393317eac58f5b5cf30e8392e266e76e51cff28c3d/pillow-12.2.0-cp313-cp313-manylinux2014_aarch64.manylinux_2_17_aarch64.whl", hash = "sha256:f1c943e96e85df3d3478f7b691f229887e143f81fedab9b20205349ab04d73ed" },
    { url = "https://packages.atlassian.com/pypi/pypi/packages/packages/a8/68/b93e09e5e8549019e61acf49f65b1a8530765a7f812c77a7461bca7e4494/pillow-12.2.0-cp313-cp313-manylinux2014_x86_64.manylinux_2_17_x86_64.whl", hash = "sha256:03f6fab9219220f041c74aeaa2939ff0062bd5c364ba9ce037197f4c6d498cd9" },
    { url = "https://packages.atlassian.com/pypi/pypi/packages/packages/4b/6e/3ccb54ce8ec4ddd1accd2d89004308b7b0b21c4ac3d20fa70af4760a4330/pillow-12.2.0-cp313-cp313-manylinux_2_27_aarch64.manylinux_2_28_aarch64.whl", hash = "sha256:5cdfebd752ec52bf5bb4e35d9c64b40826bc5b40a13df7c3cda20a2c03a0f5ed" },
    { url = "https://packages.atlassian.com/pypi/pypi/packages/packages/67/ee/21d4e8536afd1a328f01b359b4d3997b291ffd35a237c877b331c1c3b71c/pillow-12.2.0-cp313-cp313-manylinux_2_27_x86_64.manylinux_2_28_x86_64.whl", hash = "sha256:eedf4b74eda2b5a4b2b2fb4c006d6295df3bf29e459e198c90ea48e130dc75c3" },
    { url = "https://packages.atlassian.com/pypi/pypi/packages/packages/78/5f/e9f86ab0146464e8c133fe85df987ed9e77e08b29d8d35f9f9f4d6f917ba/pillow-12.2.0-cp313-cp313-musllinux_1_2_aarch64.whl", hash = "sha256:00a2865911330191c0b818c59103b58a5e697cae67042366970a6b6f1b20b7f9" },
    { url = "https://packages.atlassian.com/pypi/pypi/packages/packages/ed/1e/409007f56a2fdce61584fd3acbc2bbc259857d555196cedcadc68c015c82/pillow-12.2.0-cp313-cp313-musllinux_1_2_x86_64.whl", hash = "sha256:1e1757442ed87f4912397c6d35a0db6a7b52592156014706f17658ff58bbf795" },
    { url = "https://packages.atlassian.com/pypi/pypi/packages/packages/23/c4/7349421080b12fb35414607b8871e9534546c128a11965fd4a7002ccfbee/pillow-12.2.0-cp313-cp313-win32.whl", hash = "sha256:144748b3af2d1b358d41286056d0003f47cb339b8c43a9ea42f5fea4d8c66b6e" },
    { url = "https://packages.atlassian.com/pypi/pypi/packages/packages/3f/82/8a3739a5e470b3c6cbb1d21d315800d8e16bff503d1f16b03a4ec3212786/pillow-12.2.0-cp313-cp313-win_amd64.whl", hash = "sha256:390ede346628ccc626e5730107cde16c42d3836b89662a115a921f28440e6a3b" },
    { url = "https://packages.atlassian.com/pypi/pypi/packages/packages/c3/25/f968f618a062574294592f668218f8af564830ccebdd1fa6200f598e65c5/pillow-12.2.0-cp313-cp313-win_arm64.whl", hash = "sha256:8023abc91fba39036dbce14a7d6535632f99c0b857807cbbbf21ecc9f4717f06" },
    { url = "https://packages.atlassian.com/pypi/pypi/packages/packages/4d/a4/b342930964e3cb4dce5038ae34b0eab4653334995336cd486c5a8c25a00c/pillow-12.2.0-cp313-cp313t-macosx_10_13_x86_64.whl", hash = "sha256:042db20a421b9bafecc4b84a8b6e444686bd9d836c7fd24542db3e7df7baad9b" },
    { url = "https://packages.atlassian.com/pypi/pypi/packages/packages/9f/de/23198e0a65a9cf06123f5435a5d95cea62a635697f8f03d134d3f3a96151/pillow-12.2.0-cp313-cp313t-macosx_11_0_arm64.whl", hash = "sha256:dd025009355c926a84a612fecf58bb315a3f6814b17ead51a8e48d3823d9087f" },
    { url = "https://packages.atlassian.com/pypi/pypi/packages/packages/01/a6/1265e977f17d93ea37aa28aa81bad4fa597933879fac2520d24e021c8da3/pillow-12.2.0-cp313-cp313t-manylinux2014_aarch64.manylinux_2_17_aarch64.whl", hash = "sha256:88ddbc66737e277852913bd1e07c150cc7bb124539f94c4e2df5344494e0a612" },
    { url = "https://packages.atlassian.com/pypi/pypi/packages/packages/3c/83/5982eb4a285967baa70340320be9f88e57665a387e3a53a7f0db8231a0cd/pillow-12.2.0-cp313-cp313t-manylinux2014_x86_64.manylinux_2_17_x86_64.whl", hash = "sha256:d362d1878f00c142b7e1a16e6e5e780f02be8195123f164edf7eddd911eefe7c" },
    { url = "https://packages.atlassian.com/pypi/pypi/packages/packages/4e/48/6ffc514adce69f6050d0753b1a18fd920fce8cac87620d5a31231b04bfc5/pillow-12.2.0-cp313-cp313t-manylinux_2_27_aarch64.manylinux_2_28_aarch64.whl", hash = "sha256:2c727a6d53cb0018aadd8018c2b938376af27914a68a492f59dfcaca650d5eea" },
    { url = "https://packages.atlassian.com/pypi/pypi/packages/packages/36/a3/f9a77144231fb8d40ee27107b4463e205fa4677e2ca2548e14da5cf18dce/pillow-12.2.0-cp313-cp313t-manylinux_2_27_x86_64.manylinux_2_28_x86_64.whl", hash = "sha256:efd8c21c98c5cc60653bcb311bef2ce0401642b7ce9d09e03a7da87c878289d4" },
    { url = "https://packages.atlassian.com/pypi/pypi/packages/packages/c1/fc/ac4ee3041e7d5a565e1c4fd72a113f03b6394cc72ab7089d27608f8aaccb/pillow-12.2.0-cp313-cp313t-musllinux_1_2_aarch64.whl", hash = "sha256:9f08483a632889536b8139663db60f6724bfcb443c96f1b18855860d7d5c0fd4" },
    { url = "https://packages.atlassian.com/pypi/pypi/packages/packages/c0/a8/27fb307055087f3668f6d0a8ccb636e7431d56ed0750e07a60547b1e083e/pillow-12.2.0-cp313-cp313t-musllinux_1_2_x86_64.whl", hash = "sha256:dac8d77255a37e81a2efcbd1fc05f1c15ee82200e6c240d7e127e25e365c39ea" },
    { url = "https://packages.atlassian.com/pypi/pypi/packages/packages/ad/4b/926ab182c07fccae9fcb120043464e1ff1564775ec8864f21a0ebce6ac25/pillow-12.2.0-cp313-cp313t-win32.whl", hash = "sha256:ee3120ae9dff32f121610bb08e4313be87e03efeadfc6c0d18f89127e24d0c24" },
    { url = "https://packages.atlassian.com/pypi/pypi/packages/packages/c2/c4/f9e476451a098181b30050cc4c9a3556b64c02cf6497ea421ac047e89e4b/pillow-12.2.0-cp313-cp313t-win_amd64.whl", hash = "sha256:325ca0528c6788d2a6c3d40e3568639398137346c3d6e66bb61db96b96511c98" },
    { url = "https://packages.atlassian.com/pypi/pypi/packages/packages/00/a4/285f12aeacbe2d6dc36c407dfbbe9e96d4a80b0fb710a337f6d2ad978c75/pillow-12.2.0-cp313-cp313t-win_arm64.whl", hash = "sha256:2e5a76d03a6c6dcef67edabda7a52494afa4035021a79c8558e14af25313d453" },
    { url = "https://packages.atlassian.com/pypi/pypi/packages/packages/4e/b7/2437044fb910f499610356d1352e3423753c98e34f915252aafecc64889f/pillow-12.2.0-pp311-pypy311_pp73-macosx_10_15_x86_64.whl", hash = "sha256:0538bd5e05efec03ae613fd89c4ce0368ecd2ba239cc25b9f9be7ed426b0af1f" },
    { url = "https://packages.atlassian.com/pypi/pypi/packages/packages/f6/f4/8316e31de11b780f4ac08ef3654a75555e624a98db1056ecb2122d008d5a/pillow-12.2.0-pp311-pypy311_pp73-macosx_11_0_arm64.whl", hash = "sha256:394167b21da716608eac917c60aa9b969421b5dcbbe02ae7f013e7b85811c69d" },
    { url = "https://packages.atlassian.com/pypi/pypi/packages/packages/d4/37/664fca7201f8bb2aa1d20e2c3d5564a62e6ae5111741966c8319ca802361/pillow-12.2.0-pp311-pypy311_pp73-manylinux2014_aarch64.manylinux_2_17_aarch64.whl", hash = "sha256:5d04bfa02cc2d23b497d1e90a0f927070043f6cbf303e738300532379a4b4e0f" },
    { url = "https://packages.atlassian.com/pypi/pypi/packages/packages/49/62/5b0ed78fce87346be7a5cfcfaaad91f6a1f98c26f86bdbafa2066c647ef6/pillow-12.2.0-pp311-pypy311_pp73-manylinux2014_x86_64.manylinux_2_17_x86_64.whl", hash = "sha256:0c838a5125cee37e68edec915651521191cef1e6aa336b855f495766e77a366e" },
    { url = "https://packages.atlassian.com/pypi/pypi/packages/packages/c3/28/ec0fc38107fc32536908034e990c47914c57cd7c5a3ece4d8d8f7ffd7e27/pillow-12.2.0-pp311-pypy311_pp73-manylinux_2_27_aarch64.manylinux_2_28_aarch64.whl", hash = "sha256:4a6c9fa44005fa37a91ebfc95d081e8079757d2e904b27103f4f5fa6f0bf78c0" },
    { url = "https://packages.atlassian.com/pypi/pypi/packages/packages/5e/8b/51b0eddcfa2180d60e41f06bd6d0a62202b20b59c68f5a132e615b75aecf/pillow-12.2.0-pp311-pypy311_pp73-manylinux_2_27_x86_64.manylinux_2_28_x86_64.whl", hash = "sha256:25373b66e0dd5905ed63fa3cae13c82fbddf3079f2c8bf15c6fb6a35586324c1" },
    { url = "https://packages.atlassian.com/pypi/pypi/packages/packages/bc/60/5382c03e1970de634027cee8e1b7d39776b778b81812aaf45b694dfe9e28/pillow-12.2.0-pp311-pypy311_pp73-win_amd64.whl", hash = "sha256:bfa9c230d2fe991bed5318a5f119bd6780cda2915cca595393649fc118ab895e" },
]

[[package]]
name = "pymupdf"
version = "1.23.8"
source = { registry = "https://packages.atlassian.com/pypi/pypi/simple" }
dependencies = [
    { name = "pymupdfb" },
]
sdist = { url = "https://packages.atlassian.com/pypi/pypi/packages/packages/24/14/acf8adaf7f497a3e83d987a453317f51ebce6a8ad30c4421e242702a9d81/PyMuPDF-1.23.8.tar.gz", hash = "sha256:d8d60fded2a9b72b3535940bbee2066e4927cfaf66e1179f1bb06a8fdda6d4af" }
wheels = [
    { url = "https://packages.atlassian.com/pypi/pypi/packages/packages/30/24/b00a8663b7db1c213ab058f030db4c0420d81369e14ee2b7afef90da9392/PyMuPDF-1.23.8-cp311-none-macosx_10_9_x86_64.whl", hash = "sha256:4f62b2940d88ffcc706c1a5d21efa24a01b65d1c87f0d4669d03b136c984098b" },
    { url = "https://packages.atlassian.com/pypi/pypi/packages/packages/d0/82/efb21d8a47d737ed760190a1a7e834585e8576b1bf52fa42406e1526fab1/PyMuPDF-1.23.8-cp311-none-macosx_11_0_arm64.whl", hash = "sha256:58ab6e7121550767ff4e595800317c9acc8d5c1a3ddaf9116f257bb8159af501" },
    { url = "https://packages.atlassian.com/pypi/pypi/packages/packages/0f/53/9b8bda0ccfd50970d459203eb1723ae6dea3633bb7b77e5363dd3f936507/PyMuPDF-1.23.8-cp311-none-manylinux2014_aarch64.whl", hash = "sha256:4a8f8322daabcbae02fe31cfa270000ebb31a327c766cd7423fff38ab55b3b4e" },
    { url = "https://packages.atlassian.com/pypi/pypi/packages/packages/71/ef/c21400fdab5959d32d3775b0a48eb75841b8d8981d5e9856558bead0ba59/PyMuPDF-1.23.8-cp311-none-manylinux2014_x86_64.whl", hash = "sha256:ed917f7b66c332e5fb6bcda2dcb71b6eddeca24e4d0ea7984e0cb3628fbee894" },
    { url = "https://packages.atlassian.com/pypi/pypi/packages/packages/d5/3a/e84aa1d1fd8e6ec26e46e062fbf5cda2e6a0a5a01f0f1ef5feaf238e50dd/PyMuPDF-1.23.8-cp311-none-win32.whl", hash = "sha256:dec10e23b2dd813fe75d60db0af38b4b640ad6066cb57afe3536273d8740d15e" },
    { url = "https://packages.atlassian.com/pypi/pypi/packages/packages/a9/32/4172fe138c5b95060410c13fe29e1ddb965121c0c5740011ad721b6fb490/PyMuPDF-1.23.8-cp311-none-win_amd64.whl", hash = "sha256:9d272e46cd08e65c5811ad9be84bf4fd5f559e538eae87694d5a4685585c633e" },
    { url = "https://packages.atlassian.com/pypi/pypi/packages/packages/96/e4/c26ce1282bbb31f70c02ea29c92e6c8b540f62db7c5043336fe77afa5378/PyMuPDF-1.23.8-cp312-none-macosx_10_9_x86_64.whl", hash = "sha256:e083fbd3a6c1292ddd564cf7187cf0a333ef79c73afb31532e0b26129df3d3b4" },
    { url = "https://packages.atlassian.com/pypi/pypi/packages/packages/66/62/16286a3d75905605a126a34d40e280776e2b020b661d4379268b689d3c34/PyMuPDF-1.23.8-cp312-none-macosx_11_0_arm64.whl", hash = "sha256:fde13b2e5233a77e2b27e80e83d4f8ae3532e77f4870233e62d09b2c0349389c" },
    { url = "https://packages.atlassian.com/pypi/pypi/packages/packages/2c/37/934d029271846c4f0a671d915afe4be72a81c8082b783f4ec27f04b55c21/PyMuPDF-1.23.8-cp312-none-manylinux2014_aarch64.whl", hash = "sha256:6198b94a276faa370800fbe0e32cea5ca632e50310011d3e60e398e53a9f4ebf" },
    { url = "https://packages.atlassian.com/pypi/pypi/packages/packages/9d/c7/9cebb5796cfd1dfd71d0a1b90dba8eb5fb2e15b81b31fed9ba3ba67d8974/PyMuPDF-1.23.8-cp312-none-manylinux2014_x86_64.whl", hash = "sha256:157518a1f595ff469423f3e867a53468137a43d97041d624d72aab44eea28c67" },
    { url = "https://packages.atlassian.com/pypi/pypi/packages/packages/c7/8d/daabd837b681f04e0649bc0b2180f1111844909c801aec0d52b9ad0e17ce/PyMuPDF-1.23.8-cp312-none-win32.whl", hash = "sha256:8e6dcb03473058022354de687a6264309b27582e140eea0688bc96529c27228b" },
    { url = "https://packages.atlassian.com/pypi/pypi/packages/packages/df/a6/8e850e6ba57f5d16e88d256994614d45b832f93d04ee6c7b6eb295bc8bc0/PyMuPDF-1.23.8-cp312-none-win_amd64.whl", hash = "sha256:07947f0e1e7439ceb244009ec27c23a6cf44f5ac6c39c23259ea64f54af37acc" },
]

[[package]]
name = "pymupdfb"
version = "1.23.7"
source = { registry = "https://packages.atlassian.com/pypi/pypi/simple" }
wheels = [
    { url = "https://packages.atlassian.com/pypi/pypi/packages/packages/d8/ed/c0d859744ea301498adfa49ff3e5f873481dc1083d5cc0727c0678b57eff/PyMuPDFb-1.23.7-py3-none-macosx_10_9_x86_64.whl", hash = "sha256:3fddd302121a2109c31d0b2d554ef4afc426b67baa60221daf1bc277951ae4ef" },
    { url = "https://packages.atlassian.com/pypi/pypi/packages/packages/b6/76/d6c3eccc2226348824337dc7260b5febea0b5f159fb52c03090dbd5d4aeb/PyMuPDFb-1.23.7-py3-none-macosx_11_0_arm64.whl", hash = "sha256:aef672f303691904c8951f811f5de3e2ba09d1804571a7f002145ed535cedbdd" },
    { url = "https://packages.atlassian.com/pypi/pypi/packages/packages/a5/a1/6cb4e4a62230934076f13a87b34b6b3f6c81cb0249d87986e22033175a9a/PyMuPDFb-1.23.7-py3-none-manylinux2014_aarch64.manylinux_2_17_aarch64.whl", hash = "sha256:ca5a93fac4777f1d2de61fec2e0b96cf649c75bd60bc44f6b6547f8aaccb8a70" },
    { url = "https://packages.atlassian.com/pypi/pypi/packages/packages/e3/52/91a228e9f087c5403c45bb3b0963c1c49de8f71eca842226a5de2b1ff3d1/PyMuPDFb-1.23.7-py3-none-manylinux2014_x86_64.manylinux_2_17_x86_64.whl", hash = "sha256:adb43972f75500fae50279919d589a49b91ed7a74ec03e811c5000727dd63cea" },
    { url = "https://packages.atlassian.com/pypi/pypi/packages/packages/76/73/c232ab83e5467f36ed7275662776e7b74d0cac2ed857e8530fa234add52b/PyMuPDFb-1.23.7-py3-none-win32.whl", hash = "sha256:f65e6dbf48daa2348ae708d76ed8310cc5eb9fc78eb335c5cade5dcaa3d52979" },
    { url = "https://packages.atlassian.com/pypi/pypi/packages/packages/01/24/99cfd4e23d42c2f8032a1b55353193c7ca7fb43915432e035afd5e7c52ec/PyMuPDFb-1.23.7-py3-none-win_amd64.whl", hash = "sha256:7552793efa6976574b8b7840fd0091773c410e6048bc7cbf4b2eb3ed92d0b7a5" },
]

[[package]]
name = "reportlab"
version = "4.2.5"
source = { registry = "https://packages.atlassian.com/pypi/pypi/simple" }
dependencies = [
    { name = "chardet" },
    { name = "pillow" },
]
sdist = { url = "https://packages.atlassian.com/pypi/pypi/packages/packages/c2/4c/ac8c34dc022fd4f542bc86d266b0bf83ce079917875d16ab52b95c588a34/reportlab-4.2.5.tar.gz", hash = "sha256:5cf35b8fd609b68080ac7bbb0ae1e376104f7d5f7b2d3914c7adc63f2593941f" }
wheels = [
    { url = "https://packages.atlassian.com/pypi/pypi/packages/packages/73/12/6444906db1bc65d3a8118afb089d53c7eeca0726164f51eb3599de1d0665/reportlab-4.2.5-py3-none-any.whl", hash = "sha256:eb2745525a982d9880babb991619e97ac3f661fae30571b7d50387026ca765ee" },
]

[[package]]
name = "ruff"
version = "0.15.10"
source = { registry = "https://packages.atlassian.com/pypi/pypi/simple" }
sdist = { url = "https://packages.atlassian.com/pypi/pypi/packages/packages/e7/d9/aa3f7d59a10ef6b14fe3431706f854dbf03c5976be614a9796d36326810c/ruff-0.15.10.tar.gz", hash = "sha256:d1f86e67ebfdef88e00faefa1552b5e510e1d35f3be7d423dc7e84e63788c94e" }
wheels = [
    { url = "https://packages.atlassian.com/pypi/pypi/packages/packages/eb/00/a1c2fdc9939b2c03691edbda290afcd297f1f389196172826b03d6b6a595/ruff-0.15.10-py3-none-linux_armv6l.whl", hash = "sha256:0744e31482f8f7d0d10a11fcbf897af272fefdfcb10f5af907b18c2813ff4d5f" },
    { url = "https://packages.atlassian.com/pypi/pypi/packages/packages/5c/15/006990029aea0bebe9d33c73c3e28c80c391ebdba408d1b08496f00d422d/ruff-0.15.10-py3-none-macosx_10_12_x86_64.whl", hash = "sha256:b1e7c16ea0ff5a53b7c2df52d947e685973049be1cdfe2b59a9c43601897b22e" },
    { url = "https://packages.atlassian.com/pypi/pypi/packages/packages/f2/c0/4ac978fe874d0618c7da647862afe697b281c2806f13ce904ad652fa87e4/ruff-0.15.10-py3-none-macosx_11_0_arm64.whl", hash = "sha256:93cc06a19e5155b4441dd72808fdf84290d84ad8a39ca3b0f994363ade4cebb1" },
    { url = "https://packages.atlassian.com/pypi/pypi/packages/packages/da/73/c209138a5c98c0d321266372fc4e33ad43d506d7e5dd817dd89b60a8548f/ruff-0.15.10-py3-none-manylinux_2_17_aarch64.manylinux2014_aarch64.whl", hash = "sha256:83e1dd04312997c99ea6965df66a14fb4f03ba978564574ffc68b0d61fd3989e" },
    { url = "https://packages.atlassian.com/pypi/pypi/packages/packages/ec/76/0deec355d8ec10709653635b1f90856735302cb8e149acfdf6f82a5feb70/ruff-0.15.10-py3-none-manylinux_2_17_armv7l.manylinux2014_armv7l.whl", hash = "sha256:8154d43684e4333360fedd11aaa40b1b08a4e37d8ffa9d95fee6fa5b37b6fab1" },
    { url = "https://packages.atlassian.com/pypi/pypi/packages/packages/dc/be/86bba8fc8798c081e28a4b3bb6d143ccad3fd5f6f024f02002b8f08a9fa3/ruff-0.15.10-py3-none-manylinux_2_17_i686.manylinux2014_i686.whl", hash = "sha256:8ab88715f3a6deb6bde6c227f3a123410bec7b855c3ae331b4c006189e895cef" },
    { url = "https://packages.atlassian.com/pypi/pypi/packages/packages/a8/89/140025e65911b281c57be1d385ba1d932c2366ca88ae6663685aed8d4881/ruff-0.15.10-py3-none-manylinux_2_17_ppc64le.manylinux2014_ppc64le.whl", hash = "sha256:a768ff5969b4f44c349d48edf4ab4f91eddb27fd9d77799598e130fb628aa158" },
    { url = "https://packages.atlassian.com/pypi/pypi/packages/packages/88/de/ddacca9545a5e01332567db01d44bd8cf725f2db3b3d61a80550b48308ea/ruff-0.15.10-py3-none-manylinux_2_17_s390x.manylinux2014_s390x.whl", hash = "sha256:0ee3ef42dab7078bda5ff6a1bcba8539e9857deb447132ad5566a038674540d0" },
    { url = "https://packages.atlassian.com/pypi/pypi/packages/packages/bc/bb/7ddb00a83760ff4a83c4e2fc231fd63937cc7317c10c82f583302e0f6586/ruff-0.15.10-py3-none-manylinux_2_17_x86_64.manylinux2014_x86_64.whl", hash = "sha256:51cb8cc943e891ba99989dd92d61e29b1d231e14811db9be6440ecf25d5c1609" },
    { url = "https://packages.atlassian.com/pypi/pypi/packages/packages/dc/8d/55de0d35aacf6cd50b6ee91ee0f291672080021896543776f4170fc5c454/ruff-0.15.10-py3-none-manylinux_2_31_riscv64.whl", hash = "sha256:e59c9bdc056a320fb9ea1700a8d591718b8faf78af065484e801258d3a76bc3f" },
    { url = "https://packages.atlassian.com/pypi/pypi/packages/packages/68/cf/9438b1a27426ec46a80e0a718093c7f958ef72f43eb3111862949ead3cc1/ruff-0.15.10-py3-none-musllinux_1_2_aarch64.whl", hash = "sha256:136c00ca2f47b0018b073f28cb5c1506642a830ea941a60354b0e8bc8076b151" },
    { url = "https://packages.atlassian.com/pypi/pypi/packages/packages/4c/50/e29be6e2c135e9cd4cb15fbade49d6a2717e009dff3766dd080fcb82e251/ruff-0.15.10-py3-none-musllinux_1_2_armv7l.whl", hash = "sha256:8b80a2f3c9c8a950d6237f2ca12b206bccff626139be9fa005f14feb881a1ae8" },
    { url = "https://packages.atlassian.com/pypi/pypi/packages/packages/18/2f/e0b36a6f99c51bb89f3a30239bc7bf97e87a37ae80aa2d6542d6e5150364/ruff-0.15.10-py3-none-musllinux_1_2_i686.whl", hash = "sha256:e3e53c588164dc025b671c9df2462429d60357ea91af7e92e9d56c565a9f1b07" },
    { url = "https://packages.atlassian.com/pypi/pypi/packages/packages/11/08/874da392558ce087a0f9b709dc6ec0d60cbc694c1c772dab8d5f31efe8cb/ruff-0.15.10-py3-none-musllinux_1_2_x86_64.whl", hash = "sha256:b0c52744cf9f143a393e284125d2576140b68264a93c6716464e129a3e9adb48" },
    { url = "https://packages.atlassian.com/pypi/pypi/packages/packages/e4/46/602938f030adfa043e67112b73821024dc79f3ab4df5474c25fa4c1d2d14/ruff-0.15.10-py3-none-win32.whl", hash = "sha256:d4272e87e801e9a27a2e8df7b21011c909d9ddd82f4f3281d269b6ba19789ca5" },
    { url = "https://packages.atlassian.com/pypi/pypi/packages/packages/25/b6/261225b875d7a13b33a6d02508c39c28450b2041bb01d0f7f1a83d569512/ruff-0.15.10-py3-none-win_amd64.whl", hash = "sha256:28cb32d53203242d403d819fd6983152489b12e4a3ae44993543d6fe62ab42ed" },
    { url = "https://packages.atlassian.com/pypi/pypi/packages/packages/58/ed/dea90a65b7d9e69888890fb14c90d7f51bf0c1e82ad800aeb0160e4bacfd/ruff-0.15.10-py3-none-win_arm64.whl", hash = "sha256:601d1610a9e1f1c2165a4f561eeaa2e2ea1e97f3287c5aa258d3dab8b57c6188" },
]

[[package]]
name = "tabulate"
version = "0.9.0"
source = { registry = "https://packages.atlassian.com/pypi/pypi/simple" }
sdist = { url = "https://packages.atlassian.com/pypi/pypi/packages/packages/ec/fe/802052aecb21e3797b8f7902564ab6ea0d60ff8ca23952079064155d1ae1/tabulate-0.9.0.tar.gz", hash = "sha256:0095b12bf5966de529c0feb1fa08671671b3368eec77d7ef7ab114be2c068b3c" }
wheels = [
    { url = "https://packages.atlassian.com/pypi/pypi/packages/packages/40/44/4a5f08c96eb108af5cb50b41f76142f0afa346dfa99d5296fe7202a11854/tabulate-0.9.0-py3-none-any.whl", hash = "sha256:024ca478df22e9340661486f85298cff5f6dcdba14f3813e8830015b9ed1948f" },
]

[[package]]
name = "ty"
version = "0.0.29"
source = { registry = "https://packages.atlassian.com/pypi/pypi/simple" }
sdist = { url = "https://packages.atlassian.com/pypi/pypi/packages/packages/47/d5/853561de49fae38c519e905b2d8da9c531219608f1fccc47a0fc2c896980/ty-0.0.29.tar.gz", hash = "sha256:e7936cca2f691eeda631876c92809688dbbab68687c3473f526cd83b6a9228d8" }
wheels = [
    { url = "https://packages.atlassian.com/pypi/pypi/packages/packages/03/b7/911f9962115acfa24e3b2ec9d4992dd994c38e8769e1b1d7680bb4d28a51/ty-0.0.29-py3-none-linux_armv6l.whl", hash = "sha256:b8a40955f7660d3eaceb0d964affc81b790c0765e7052921a5f861ff8a471c30" },
    { url = "https://packages.atlassian.com/pypi/pypi/packages/packages/fe/c3/fcae2167d4c77a97269f92f11d1b43b03617f81de1283d5d05b43432110c/ty-0.0.29-py3-none-macosx_10_12_x86_64.whl", hash = "sha256:6b6849adae15b00bbe2d3c5b078967dcb62eba37d38936b8eeb4c81a82d2e3b8" },
    { url = "https://packages.atlassian.com/pypi/pypi/packages/packages/97/33/5a6bfa240cfcb9c36046ae2459fa9ea23238d20130d8656ff5ac4d6c012a/ty-0.0.29-py3-none-macosx_11_0_arm64.whl", hash = "sha256:dcdd9b17209788152f7b7ea815eda07989152325052fe690013537cc7904ce49" },
    { url = "https://packages.atlassian.com/pypi/pypi/packages/packages/b3/1e/318f45fae232118e81a6306c30f50de42c509c412128d5bd231eab699ffb/ty-0.0.29-py3-none-manylinux_2_17_aarch64.manylinux2014_aarch64.whl", hash = "sha256:9d8ed4789bae78ffaf94462c0d25589a734cab0366b86f2bbcb1bb90e1a7a169" },
    { url = "https://packages.atlassian.com/pypi/pypi/packages/packages/a9/a8/5687872e2ab5a0f7dd4fd8456eac31e9381ad4dc74961f6f29965ad4dd91/ty-0.0.29-py3-none-manylinux_2_17_armv7l.manylinux2014_armv7l.whl", hash = "sha256:91ec374b8565e0ad0900011c24641ebbef2da51adbd4fb69ff3280c8a7eceb02" },
    { url = "https://packages.atlassian.com/pypi/pypi/packages/packages/de/68/015d118097eeb95e6a44c4abce4c0a28b7b9dfb3085b7f0ee48e4f099633/ty-0.0.29-py3-none-manylinux_2_17_i686.manylinux2014_i686.whl", hash = "sha256:298a8d5faa2502d3810bbbb47a030b9455495b9921594206043c785dd61548cf" },
    { url = "https://packages.atlassian.com/pypi/pypi/packages/packages/1c/01/47ce3c6c53e0670eadbe80756b167bf80ed6681d1ba57cfde2e8065a13d1/ty-0.0.29-py3-none-manylinux_2_17_ppc64le.manylinux2014_ppc64le.whl", hash = "sha256:3c8fba1a3524c6109d1e020d92301c79d41bf442fa8d335b9fa366239339cb70" },
    { url = "https://packages.atlassian.com/pypi/pypi/packages/packages/c4/cf/e361845b1081c9264ad5b7c963231bab03f2666865a9f2a115c4233f2137/ty-0.0.29-py3-none-manylinux_2_17_s390x.manylinux2014_s390x.whl", hash = "sha256:4c48adf88a70d264128c39ee922ed14a947817fced1e93c08c1a89c9244edcde" },
    { url = "https://packages.atlassian.com/pypi/pypi/packages/packages/79/12/0fb0857e9a62cb11586e9a712103877bbf717f5fb570d16634408cfdefee/ty-0.0.29-py3-none-manylinux_2_17_x86_64.manylinux2014_x86_64.whl", hash = "sha256:2ce0a7a0e96bc7b42518cd3a1a6a6298ef64ff40ca4614355c1aa807059b5c6f" },
    { url = "https://packages.atlassian.com/pypi/pypi/packages/packages/20/36/5a26753802083f80cd125db6c4348ad42b3c982ec36e718e0bf4c18f75e5/ty-0.0.29-py3-none-musllinux_1_2_aarch64.whl", hash = "sha256:a6ac86a05b4a3731d45365ab97780acc7b8146fa62fccb3cbe94fe6546c67a97" },
    { url = "https://packages.atlassian.com/pypi/pypi/packages/packages/00/e6/b4e75b5752239ab3ab400f19faef4dbef81d05aab5d3419fda0c062a3765/ty-0.0.29-py3-none-musllinux_1_2_armv7l.whl", hash = "sha256:6bbbf53141af0f3150bf288d716263f1a3550054e4b3551ca866d38192ba9891" },
    { url = "https://packages.atlassian.com/pypi/pypi/packages/packages/c0/21/1084b5b609f9abed62070ec0b31c283a403832a6310c8bbc208bd45ee1e6/ty-0.0.29-py3-none-musllinux_1_2_i686.whl", hash = "sha256:1c9e06b770c1d0ff5efc51e34312390db31d53fcf3088163f413030b42b74f84" },
    { url = "https://packages.atlassian.com/pypi/pypi/packages/packages/ab/a1/ce19a2ca717bbcc1ee11378aba52ef70b6ce5b87245162a729d9fdc2360f/ty-0.0.29-py3-none-musllinux_1_2_x86_64.whl", hash = "sha256:0307fe37e3f000ef1a4ae230bbaf511508a78d24a5e51b40902a21b09d5e6037" },
    { url = "https://packages.atlassian.com/pypi/pypi/packages/packages/6b/6b/f1430b279af704321566ce7ec2725d3d8258c2f815ebd93e474c64cd4543/ty-0.0.29-py3-none-win32.whl", hash = "sha256:7a2a898217960a825f8bc0087e1fdbaf379606175e98f9807187221d53a4a8ed" },
    { url = "https://packages.atlassian.com/pypi/pypi/packages/packages/d2/ef/3ef01c17785ff9a69378465c7d0faccd48a07b163554db0995e5d65a5a23/ty-0.0.29-py3-none-win_amd64.whl", hash = "sha256:fc1294200226b91615acbf34e0a9ad81caf98c081e9c6a912a31b0a7b603bc3f" },
    { url = "https://packages.atlassian.com/pypi/pypi/packages/packages/2c/55/87280a994d6a2d2647c65e12abbc997ed49835794366153c04c4d9304d76/ty-0.0.29-py3-none-win_arm64.whl", hash = "sha256:f9794bbd1bb3ce13f78c191d0c89ae4c63f52c12b6daa0c6fe220b90d019d12c" },
]
